
Microsoft Visual Studio Solution File, Format Version 12.00
# Visual Studio Version 16
VisualStudioVersion = 16.0.31129.286
MinimumVisualStudioVersion = 10.0.40219.1
Project("{9A19103F-16F7-4668-BE54-9A1E7A4F7556}") = "RushHour.Cli", "RushHour\RushHour.Cli.csproj", "{D8F78703-3425-4CED-AD37-0CE6661B9428}"
EndProject
Project("{9A19103F-16F7-4668-BE54-9A1E7A4F7556}") = "RushHour.DataAccessLayer", "RushHour.DataAccessLayer\RushHour.DataAccessLayer.csproj", "{D4E2C451-DEED-4B3D-8FF6-48CA32D31864}"
EndProject
Project("{9A19103F-16F7-4668-BE54-9A1E7A4F7556}") = "RushHour.Services", "RushHour.Services\RushHour.Services.csproj", "{EB116B47-0F26-40BB-BD5E-33C34D1F62C5}"
EndProject
Project("{9A19103F-16F7-4668-BE54-9A1E7A4F7556}") = "RushHour.Contracts", "RushHour.Contracts\RushHour.Contracts.csproj", "{AC87D2D7-C004-4055-A4FB-1C057A62EB89}"
EndProject
Global
	GlobalSection(SolutionConfigurationPlatforms) = preSolution
		Debug|Any CPU = Debug|Any CPU
		Release|Any CPU = Release|Any CPU
	EndGlobalSection
	GlobalSection(ProjectConfigurationPlatforms) = postSolution
		{D8F78703-3425-4CED-AD37-0CE6661B9428}.Debug|Any CPU.ActiveCfg = Debug|Any CPU
		{D8F78703-3425-4CED-AD37-0CE6661B9428}.Debug|Any CPU.Build.0 = Debug|Any CPU
		{D8F78703-3425-4CED-AD37-0CE6661B9428}.Release|Any CPU.ActiveCfg = Release|Any CPU
		{D8F78703-3425-4CED-AD37-0CE6661B9428}.Release|Any CPU.Build.0 = Release|Any CPU
		{D4E2C451-DEED-4B3D-8FF6-48CA32D31864}.Debug|Any CPU.ActiveCfg = Debug|Any CPU
		{D4E2C451-DEED-4B3D-8FF6-48CA32D31864}.Debug|Any CPU.Build.0 = Debug|Any CPU
		{D4E2C451-DEED-4B3D-8FF6-48CA32D31864}.Release|Any CPU.ActiveCfg = Release|Any CPU
		{D4E2C451-DEED-4B3D-8FF6-48CA32D31864}.Release|Any CPU.Build.0 = Release|Any CPU
		{EB116B47-0F26-40BB-BD5E-33C34D1F62C5}.Debug|Any CPU.ActiveCfg = Debug|Any CPU
		{EB116B47-0F26-40BB-BD5E-33C34D1F62C5}.Debug|Any CPU.Build.0 = Debug|Any CPU
		{EB116B47-0F26-40BB-BD5E-33C34D1F62C5}.Release|Any CPU.ActiveCfg = Release|Any CPU
		{EB116B47-0F26-40BB-BD5E-33C34D1F62C5}.Release|Any CPU.Build.0 = Release|Any CPU
		{AC87D2D7-C004-4055-A4FB-1C057A62EB89}.Debug|Any CPU.ActiveCfg = Debug|Any CPU
		{AC87D2D7-C004-4055-A4FB-1C057A62EB89}.Debug|Any CPU.Build.0 = Debug|Any CPU
		{AC87D2D7-C004-4055-A4FB-1C057A62EB89}.Release|Any CPU.ActiveCfg = Release|Any CPU
		{AC87D2D7-C004-4055-A4FB-1C057A62EB89}.Release|Any CPU.Build.0 = Release|Any CPU
	EndGlobalSection
	GlobalSection(SolutionProperties) = preSolution
		HideSolutionNode = FALSE
	EndGlobalSection
	GlobalSection(ExtensibilityGlobals) = postSolution
		SolutionGuid = {C1D628CC-9700-4ED7-857A-53799B4B8175}
	EndGlobalSection
EndGlobal
